
Microsoft Visual Studio Solution File, Format Version 12.00
# Visual Studio 15
VisualStudioVersion = 15.0.25807.0
MinimumVisualStudioVersion = 10.0.40219.1
Project("{2150E333-8FDC-42A3-9474-1A3956D46DE8}") = "Engine", "Engine", "{3C7C05E6-48AD-4BD3-95DE-4375297F5931}"
EndProject
Project("{2150E333-8FDC-42A3-9474-1A3956D46DE8}") = "Games", "Games", "{7E0EBD49-4194-486F-9EF6-84DF60603AFE}"
EndProject
Project("{8BC9CEB8-8B4A-11D0-8D11-00A0C91BC942}") = "UE4", "Intermediate\ProjectFiles\UE4.vcxproj", "{2219EC8E-6697-46E1-9BCD-03A385B94442}"
EndProject
Project("{8BC9CEB8-8B4A-11D0-8D11-00A0C91BC942}") = "BullCowGame", "Intermediate\ProjectFiles\BullCowGame.vcxproj", "{E415C542-E95C-4639-9F3C-A40087DFEE52}"
EndProject
Project("{2150E333-8FDC-42A3-9474-1A3956D46DE8}") = "Visualizers", "Visualizers", "{C4570C21-B885-40D2-A727-4146FFE9E465}"
	ProjectSection(SolutionItems) = preProject
		..\..\..\..\..\..\..\..\..\..\Program Files\Epic Games\UE_4.23\Engine\Extras\VisualStudioDebugging\UE4.natvis = ..\..\..\..\..\..\..\..\..\..\Program Files\Epic Games\UE_4.23\Engine\Extras\VisualStudioDebugging\UE4.natvis
	EndProjectSection
EndProject
Global
	GlobalSection(SolutionConfigurationPlatforms) = preSolution
		DebugGame Editor|HTML5 = DebugGame Editor|HTML5
		DebugGame Editor|IOS = DebugGame Editor|IOS
		DebugGame Editor|Win32 = DebugGame Editor|Win32
		DebugGame Editor|Win64 = DebugGame Editor|Win64
		DebugGame|HTML5 = DebugGame|HTML5
		DebugGame|IOS = DebugGame|IOS
		DebugGame|Win32 = DebugGame|Win32
		DebugGame|Win64 = DebugGame|Win64
		Development Editor|HTML5 = Development Editor|HTML5
		Development Editor|IOS = Development Editor|IOS
		Development Editor|Win32 = Development Editor|Win32
		Development Editor|Win64 = Development Editor|Win64
		Development|HTML5 = Development|HTML5
		Development|IOS = Development|IOS
		Development|Win32 = Development|Win32
		Development|Win64 = Development|Win64
		Shipping|HTML5 = Shipping|HTML5
		Shipping|IOS = Shipping|IOS
		Shipping|Win32 = Shipping|Win32
		Shipping|Win64 = Shipping|Win64
	EndGlobalSection
	GlobalSection(ProjectConfigurationPlatforms) = postSolution
		{2219EC8E-6697-46E1-9BCD-03A385B94442}.DebugGame Editor|HTML5.ActiveCfg = BuiltWithUnrealBuildTool|Win32
		{2219EC8E-6697-46E1-9BCD-03A385B94442}.DebugGame Editor|IOS.ActiveCfg = BuiltWithUnrealBuildTool|Win32
		{2219EC8E-6697-46E1-9BCD-03A385B94442}.DebugGame Editor|Win32.ActiveCfg = BuiltWithUnrealBuildTool|Win32
		{2219EC8E-6697-46E1-9BCD-03A385B94442}.DebugGame Editor|Win64.ActiveCfg = BuiltWithUnrealBuildTool|Win32
		{2219EC8E-6697-46E1-9BCD-03A385B94442}.DebugGame|HTML5.ActiveCfg = BuiltWithUnrealBuildTool|Win32
		{2219EC8E-6697-46E1-9BCD-03A385B94442}.DebugGame|IOS.ActiveCfg = BuiltWithUnrealBuildTool|Win32
		{2219EC8E-6697-46E1-9BCD-03A385B94442}.DebugGame|Win32.ActiveCfg = BuiltWithUnrealBuildTool|Win32
		{2219EC8E-6697-46E1-9BCD-03A385B94442}.DebugGame|Win64.ActiveCfg = BuiltWithUnrealBuildTool|Win32
		{2219EC8E-6697-46E1-9BCD-03A385B94442}.Development Editor|HTML5.ActiveCfg = BuiltWithUnrealBuildTool|Win32
		{2219EC8E-6697-46E1-9BCD-03A385B94442}.Development Editor|IOS.ActiveCfg = BuiltWithUnrealBuildTool|Win32
		{2219EC8E-6697-46E1-9BCD-03A385B94442}.Development Editor|Win32.ActiveCfg = BuiltWithUnrealBuildTool|Win32
		{2219EC8E-6697-46E1-9BCD-03A385B94442}.Development Editor|Win64.ActiveCfg = BuiltWithUnrealBuildTool|Win32
		{2219EC8E-6697-46E1-9BCD-03A385B94442}.Development|HTML5.ActiveCfg = BuiltWithUnrealBuildTool|Win32
		{2219EC8E-6697-46E1-9BCD-03A385B94442}.Development|IOS.ActiveCfg = BuiltWithUnrealBuildTool|Win32
		{2219EC8E-6697-46E1-9BCD-03A385B94442}.Development|Win32.ActiveCfg = BuiltWithUnrealBuildTool|Win32
		{2219EC8E-6697-46E1-9BCD-03A385B94442}.Development|Win64.ActiveCfg = BuiltWithUnrealBuildTool|Win32
		{2219EC8E-6697-46E1-9BCD-03A385B94442}.Shipping|HTML5.ActiveCfg = BuiltWithUnrealBuildTool|Win32
		{2219EC8E-6697-46E1-9BCD-03A385B94442}.Shipping|IOS.ActiveCfg = BuiltWithUnrealBuildTool|Win32
		{2219EC8E-6697-46E1-9BCD-03A385B94442}.Shipping|Win32.ActiveCfg = BuiltWithUnrealBuildTool|Win32
		{2219EC8E-6697-46E1-9BCD-03A385B94442}.Shipping|Win64.ActiveCfg = BuiltWithUnrealBuildTool|Win32
		{E415C542-E95C-4639-9F3C-A40087DFEE52}.DebugGame Editor|HTML5.ActiveCfg = Invalid|Win32
		{E415C542-E95C-4639-9F3C-A40087DFEE52}.DebugGame Editor|IOS.ActiveCfg = Invalid|Win32
		{E415C542-E95C-4639-9F3C-A40087DFEE52}.DebugGame Editor|Win32.ActiveCfg = Invalid|Win32
		{E415C542-E95C-4639-9F3C-A40087DFEE52}.DebugGame Editor|Win64.ActiveCfg = DebugGame_Editor|x64
		{E415C542-E95C-4639-9F3C-A40087DFEE52}.DebugGame Editor|Win64.Build.0 = DebugGame_Editor|x64
		{E415C542-E95C-4639-9F3C-A40087DFEE52}.DebugGame|HTML5.ActiveCfg = HTML5_DebugGame|Win32
		{E415C542-E95C-4639-9F3C-A40087DFEE52}.DebugGame|HTML5.Build.0 = HTML5_DebugGame|Win32
		{E415C542-E95C-4639-9F3C-A40087DFEE52}.DebugGame|IOS.ActiveCfg = IOS_DebugGame|Win32
		{E415C542-E95C-4639-9F3C-A40087DFEE52}.DebugGame|IOS.Build.0 = IOS_DebugGame|Win32
		{E415C542-E95C-4639-9F3C-A40087DFEE52}.DebugGame|Win32.ActiveCfg = DebugGame|Win32
		{E415C542-E95C-4639-9F3C-A40087DFEE52}.DebugGame|Win32.Build.0 = DebugGame|Win32
		{E415C542-E95C-4639-9F3C-A40087DFEE52}.DebugGame|Win64.ActiveCfg = DebugGame|x64
		{E415C542-E95C-4639-9F3C-A40087DFEE52}.DebugGame|Win64.Build.0 = DebugGame|x64
		{E415C542-E95C-4639-9F3C-A40087DFEE52}.Development Editor|HTML5.ActiveCfg = Invalid|Win32
		{E415C542-E95C-4639-9F3C-A40087DFEE52}.Development Editor|IOS.ActiveCfg = Invalid|Win32
		{E415C542-E95C-4639-9F3C-A40087DFEE52}.Development Editor|Win32.ActiveCfg = Invalid|Win32
		{E415C542-E95C-4639-9F3C-A40087DFEE52}.Development Editor|Win64.ActiveCfg = Development_Editor|x64
		{E415C542-E95C-4639-9F3C-A40087DFEE52}.Development Editor|Win64.Build.0 = Development_Editor|x64
		{E415C542-E95C-4639-9F3C-A40087DFEE52}.Development|HTML5.ActiveCfg = HTML5_Development|Win32
		{E415C542-E95C-4639-9F3C-A40087DFEE52}.Development|HTML5.Build.0 = HTML5_Development|Win32
		{E415C542-E95C-4639-9F3C-A40087DFEE52}.Development|IOS.ActiveCfg = IOS_Development|Win32
		{E415C542-E95C-4639-9F3C-A40087DFEE52}.Development|IOS.Build.0 = IOS_Development|Win32
		{E415C542-E95C-4639-9F3C-A40087DFEE52}.Development|Win32.ActiveCfg = Development|Win32
		{E415C542-E95C-4639-9F3C-A40087DFEE52}.Development|Win32.Build.0 = Development|Win32
		{E415C542-E95C-4639-9F3C-A40087DFEE52}.Development|Win64.ActiveCfg = Development|x64
		{E415C542-E95C-4639-9F3C-A40087DFEE52}.Development|Win64.Build.0 = Development|x64
		{E415C542-E95C-4639-9F3C-A40087DFEE52}.Shipping|HTML5.ActiveCfg = HTML5_Shipping|Win32
		{E415C542-E95C-4639-9F3C-A40087DFEE52}.Shipping|HTML5.Build.0 = HTML5_Shipping|Win32
		{E415C542-E95C-4639-9F3C-A40087DFEE52}.Shipping|IOS.ActiveCfg = IOS_Shipping|Win32
		{E415C542-E95C-4639-9F3C-A40087DFEE52}.Shipping|IOS.Build.0 = IOS_Shipping|Win32
		{E415C542-E95C-4639-9F3C-A40087DFEE52}.Shipping|Win32.ActiveCfg = Shipping|Win32
		{E415C542-E95C-4639-9F3C-A40087DFEE52}.Shipping|Win32.Build.0 = Shipping|Win32
		{E415C542-E95C-4639-9F3C-A40087DFEE52}.Shipping|Win64.ActiveCfg = Shipping|x64
		{E415C542-E95C-4639-9F3C-A40087DFEE52}.Shipping|Win64.Build.0 = Shipping|x64
	EndGlobalSection
	GlobalSection(SolutionProperties) = preSolution
		HideSolutionNode = FALSE
	EndGlobalSection
	GlobalSection(NestedProjects) = preSolution
		{2219EC8E-6697-46E1-9BCD-03A385B94442} = {3C7C05E6-48AD-4BD3-95DE-4375297F5931}
		{E415C542-E95C-4639-9F3C-A40087DFEE52} = {7E0EBD49-4194-486F-9EF6-84DF60603AFE}
	EndGlobalSection
EndGlobal
